
Microsoft Visual Studio Solution File, Format Version 12.00
# Visual Studio 2013
VisualStudioVersion = 12.0.31101.0
MinimumVisualStudioVersion = 10.0.40219.1
Project("{8BC9CEB8-8B4A-11D0-8D11-00A0C91BC942}") = "leetcode", "leetcode.vcxproj", "{C1E0DC81-F9DB-4034-84D2-09B0C551DC62}"
EndProject
Global
	GlobalSection(SolutionConfigurationPlatforms) = preSolution
		Debug|Win32 = Debug|Win32
		Release|Win32 = Release|Win32
	EndGlobalSection
	GlobalSection(ProjectConfigurationPlatforms) = postSolution
		{C1E0DC81-F9DB-4034-84D2-09B0C551DC62}.Debug|Win32.ActiveCfg = Debug|Win32
		{C1E0DC81-F9DB-4034-84D2-09B0C551DC62}.Debug|Win32.Build.0 = Debug|Win32
		{C1E0DC81-F9DB-4034-84D2-09B0C551DC62}.Release|Win32.ActiveCfg = Release|Win32
		{C1E0DC81-F9DB-4034-84D2-09B0C551DC62}.Release|Win32.Build.0 = Release|Win32
	EndGlobalSection
	GlobalSection(SolutionProperties) = preSolution
		HideSolutionNode = FALSE
	EndGlobalSection
EndGlobal
